
Microsoft Visual Studio Solution File, Format Version 12.00
# Visual Studio Version 16
VisualStudioVersion = 16.0.30104.148
MinimumVisualStudioVersion = 10.0.40219.1
Project("{FAE04EC0-301F-11D3-BF4B-00C04F79EFBC}") = "Contpaqi.Sql.Contabilidad.Generales", "Contpaqi.Sql.Contabilidad.Generales\Contpaqi.Sql.Contabilidad.Generales.csproj", "{3A0CAE42-3619-4D3B-94E9-477F9D3C4CBD}"
EndProject
Global
	GlobalSection(SolutionConfigurationPlatforms) = preSolution
		Debug|Any CPU = Debug|Any CPU
		Release|Any CPU = Release|Any CPU
	EndGlobalSection
	GlobalSection(ProjectConfigurationPlatforms) = postSolution
		{3A0CAE42-3619-4D3B-94E9-477F9D3C4CBD}.Debug|Any CPU.ActiveCfg = Debug|Any CPU
		{3A0CAE42-3619-4D3B-94E9-477F9D3C4CBD}.Debug|Any CPU.Build.0 = Debug|Any CPU
		{3A0CAE42-3619-4D3B-94E9-477F9D3C4CBD}.Release|Any CPU.ActiveCfg = Release|Any CPU
		{3A0CAE42-3619-4D3B-94E9-477F9D3C4CBD}.Release|Any CPU.Build.0 = Release|Any CPU
	EndGlobalSection
	GlobalSection(SolutionProperties) = preSolution
		HideSolutionNode = FALSE
	EndGlobalSection
	GlobalSection(ExtensibilityGlobals) = postSolution
		SolutionGuid = {456936AF-F359-4907-9843-66528E3C9AC6}
	EndGlobalSection
EndGlobal
